
Microsoft Visual Studio Solution File, Format Version 12.00
# Visual Studio Version 16
VisualStudioVersion = 16.0.31829.152
MinimumVisualStudioVersion = 10.0.40219.1
Project("{FAE04EC0-301F-11D3-BF4B-00C04F79EFBC}") = "E_MEET.BO", "E_MEET.BO\E_MEET.BO.csproj", "{9FC9074F-BC34-4952-8BB2-759D835B606A}"
EndProject
Project("{FAE04EC0-301F-11D3-BF4B-00C04F79EFBC}") = "E_MEET.DAL", "E_MEET.DAL\E_MEET.DAL.csproj", "{234D86D0-39C3-45FF-98F9-286848963173}"
EndProject
Project("{FAE04EC0-301F-11D3-BF4B-00C04F79EFBC}") = "E_MEET.BLL", "E_MEET.BLL\E_MEET.BLL.csproj", "{F48C4C54-FE9E-4A54-A1F9-D2C8E0AF4CEA}"
EndProject
Project("{FAE04EC0-301F-11D3-BF4B-00C04F79EFBC}") = "E_MEET.Windforms", "E_MEET.Windforms\E_MEET.Windforms.csproj", "{A6240ED6-225B-4724-AFB4-064F7FE77FB4}"
EndProject
Project("{FAE04EC0-301F-11D3-BF4B-00C04F79EFBC}") = "Library.Serialisation", "Library.Serialisation\Library.Serialisation.csproj", "{90DE72C7-7444-40A7-82C5-3A251F4976F2}"
EndProject
Global
	GlobalSection(SolutionConfigurationPlatforms) = preSolution
		Debug|Any CPU = Debug|Any CPU
		Release|Any CPU = Release|Any CPU
	EndGlobalSection
	GlobalSection(ProjectConfigurationPlatforms) = postSolution
		{9FC9074F-BC34-4952-8BB2-759D835B606A}.Debug|Any CPU.ActiveCfg = Debug|Any CPU
		{9FC9074F-BC34-4952-8BB2-759D835B606A}.Debug|Any CPU.Build.0 = Debug|Any CPU
		{9FC9074F-BC34-4952-8BB2-759D835B606A}.Release|Any CPU.ActiveCfg = Release|Any CPU
		{9FC9074F-BC34-4952-8BB2-759D835B606A}.Release|Any CPU.Build.0 = Release|Any CPU
		{234D86D0-39C3-45FF-98F9-286848963173}.Debug|Any CPU.ActiveCfg = Debug|Any CPU
		{234D86D0-39C3-45FF-98F9-286848963173}.Debug|Any CPU.Build.0 = Debug|Any CPU
		{234D86D0-39C3-45FF-98F9-286848963173}.Release|Any CPU.ActiveCfg = Release|Any CPU
		{234D86D0-39C3-45FF-98F9-286848963173}.Release|Any CPU.Build.0 = Release|Any CPU
		{F48C4C54-FE9E-4A54-A1F9-D2C8E0AF4CEA}.Debug|Any CPU.ActiveCfg = Debug|Any CPU
		{F48C4C54-FE9E-4A54-A1F9-D2C8E0AF4CEA}.Debug|Any CPU.Build.0 = Debug|Any CPU
		{F48C4C54-FE9E-4A54-A1F9-D2C8E0AF4CEA}.Release|Any CPU.ActiveCfg = Release|Any CPU
		{F48C4C54-FE9E-4A54-A1F9-D2C8E0AF4CEA}.Release|Any CPU.Build.0 = Release|Any CPU
		{A6240ED6-225B-4724-AFB4-064F7FE77FB4}.Debug|Any CPU.ActiveCfg = Debug|Any CPU
		{A6240ED6-225B-4724-AFB4-064F7FE77FB4}.Debug|Any CPU.Build.0 = Debug|Any CPU
		{A6240ED6-225B-4724-AFB4-064F7FE77FB4}.Release|Any CPU.ActiveCfg = Release|Any CPU
		{A6240ED6-225B-4724-AFB4-064F7FE77FB4}.Release|Any CPU.Build.0 = Release|Any CPU
		{90DE72C7-7444-40A7-82C5-3A251F4976F2}.Debug|Any CPU.ActiveCfg = Debug|Any CPU
		{90DE72C7-7444-40A7-82C5-3A251F4976F2}.Debug|Any CPU.Build.0 = Debug|Any CPU
		{90DE72C7-7444-40A7-82C5-3A251F4976F2}.Release|Any CPU.ActiveCfg = Release|Any CPU
		{90DE72C7-7444-40A7-82C5-3A251F4976F2}.Release|Any CPU.Build.0 = Release|Any CPU
	EndGlobalSection
	GlobalSection(SolutionProperties) = preSolution
		HideSolutionNode = FALSE
	EndGlobalSection
	GlobalSection(ExtensibilityGlobals) = postSolution
		SolutionGuid = {DA8E0760-472A-4023-B41B-7A10DFE9C208}
	EndGlobalSection
EndGlobal
